// !$*UTF8*$!
{
	archiveVersion = 1;
	classes = {
	};
	objectVersion = 55;
	objects = {

/* Begin PBXBuildFile section */
		91D63FC8279C5D37003D9C21 /* StarWarsTests.swift in Sources */ = {isa = PBXBuildFile; fileRef = 91D63FC7279C5D37003D9C21 /* StarWarsTests.swift */; };
		91D63FD2279C5D37003D9C21 /* StarWarsUITests.swift in Sources */ = {isa = PBXBuildFile; fileRef = 91D63FD1279C5D37003D9C21 /* StarWarsUITests.swift */; };
		91D63FD4279C5D37003D9C21 /* StarWarsUITestsLaunchTests.swift in Sources */ = {isa = PBXBuildFile; fileRef = 91D63FD3279C5D37003D9C21 /* StarWarsUITestsLaunchTests.swift */; };
		91D6401C279C77EA003D9C21 /* Persistence.swift in Sources */ = {isa = PBXBuildFile; fileRef = 91D64011279C77EA003D9C21 /* Persistence.swift */; };
		91D6401D279C77EA003D9C21 /* Assets.xcassets in Resources */ = {isa = PBXBuildFile; fileRef = 91D64013279C77EA003D9C21 /* Assets.xcassets */; };
		91D6401E279C77EA003D9C21 /* Preview Assets.xcassets in Resources */ = {isa = PBXBuildFile; fileRef = 91D64015279C77EA003D9C21 /* Preview Assets.xcassets */; };
		91D64020279C77EA003D9C21 /* StarWarsApp.swift in Sources */ = {isa = PBXBuildFile; fileRef = 91D64017279C77EA003D9C21 /* StarWarsApp.swift */; };
		91D64022279C77EA003D9C21 /* StarWars.xcdatamodeld in Sources */ = {isa = PBXBuildFile; fileRef = 91D6401A279C77EA003D9C21 /* StarWars.xcdatamodeld */; };
		91D6402B279C81AA003D9C21 /* Constants.swift in Sources */ = {isa = PBXBuildFile; fileRef = 91D6402A279C81AA003D9C21 /* Constants.swift */; };
		91D6402F279C85A6003D9C21 /* DateFormatter.swift in Sources */ = {isa = PBXBuildFile; fileRef = 91D6402E279C85A6003D9C21 /* DateFormatter.swift */; };
		91D64035279C883C003D9C21 /* Color.swift in Sources */ = {isa = PBXBuildFile; fileRef = 91D64034279C883C003D9C21 /* Color.swift */; };
		91D64037279C8856003D9C21 /* Double.swift in Sources */ = {isa = PBXBuildFile; fileRef = 91D64036279C8856003D9C21 /* Double.swift */; };
		91D6403F279C9BB4003D9C21 /* HomeCardView.swift in Sources */ = {isa = PBXBuildFile; fileRef = 91D6403A279C9BB4003D9C21 /* HomeCardView.swift */; };
		91D64040279C9BB4003D9C21 /* HomeView.swift in Sources */ = {isa = PBXBuildFile; fileRef = 91D6403B279C9BB4003D9C21 /* HomeView.swift */; };
		91D64041279C9BB4003D9C21 /* DetailCardView.swift in Sources */ = {isa = PBXBuildFile; fileRef = 91D6403D279C9BB4003D9C21 /* DetailCardView.swift */; };
		91D64043279CA0D3003D9C21 /* DetailView.swift in Sources */ = {isa = PBXBuildFile; fileRef = 91D64042279CA0D3003D9C21 /* DetailView.swift */; };
		91D64046279CA5FC003D9C21 /* ListView.swift in Sources */ = {isa = PBXBuildFile; fileRef = 91D64044279CA5FC003D9C21 /* ListView.swift */; };
		91D64047279CA5FC003D9C21 /* ListCardView.swift in Sources */ = {isa = PBXBuildFile; fileRef = 91D64045279CA5FC003D9C21 /* ListCardView.swift */; };
/* End PBXBuildFile section */

/* Begin PBXContainerItemProxy section */
		91D63FC4279C5D37003D9C21 /* PBXContainerItemProxy */ = {
			isa = PBXContainerItemProxy;
			containerPortal = 91D63FA6279C5D36003D9C21 /* Project object */;
			proxyType = 1;
			remoteGlobalIDString = 91D63FAD279C5D36003D9C21;
			remoteInfo = StarWars;
		};
		91D63FCE279C5D37003D9C21 /* PBXContainerItemProxy */ = {
			isa = PBXContainerItemProxy;
			containerPortal = 91D63FA6279C5D36003D9C21 /* Project object */;
			proxyType = 1;
			remoteGlobalIDString = 91D63FAD279C5D36003D9C21;
			remoteInfo = StarWars;
		};
/* End PBXContainerItemProxy section */

/* Begin PBXFileReference section */
		91D63FAE279C5D36003D9C21 /* StarWars.app */ = {isa = PBXFileReference; explicitFileType = wrapper.application; includeInIndex = 0; path = StarWars.app; sourceTree = BUILT_PRODUCTS_DIR; };
		91D63FC3279C5D37003D9C21 /* StarWarsTests.xctest */ = {isa = PBXFileReference; explicitFileType = wrapper.cfbundle; includeInIndex = 0; path = StarWarsTests.xctest; sourceTree = BUILT_PRODUCTS_DIR; };
		91D63FC7279C5D37003D9C21 /* StarWarsTests.swift */ = {isa = PBXFileReference; lastKnownFileType = sourcecode.swift; path = StarWarsTests.swift; sourceTree = "<group>"; };
		91D63FCD279C5D37003D9C21 /* StarWarsUITests.xctest */ = {isa = PBXFileReference; explicitFileType = wrapper.cfbundle; includeInIndex = 0; path = StarWarsUITests.xctest; sourceTree = BUILT_PRODUCTS_DIR; };
		91D63FD1279C5D37003D9C21 /* StarWarsUITests.swift */ = {isa = PBXFileReference; lastKnownFileType = sourcecode.swift; path = StarWarsUITests.swift; sourceTree = "<group>"; };
		91D63FD3279C5D37003D9C21 /* StarWarsUITestsLaunchTests.swift */ = {isa = PBXFileReference; lastKnownFileType = sourcecode.swift; path = StarWarsUITestsLaunchTests.swift; sourceTree = "<group>"; };
		91D64011279C77EA003D9C21 /* Persistence.swift */ = {isa = PBXFileReference; fileEncoding = 4; lastKnownFileType = sourcecode.swift; path = Persistence.swift; sourceTree = "<group>"; };
		91D64013279C77EA003D9C21 /* Assets.xcassets */ = {isa = PBXFileReference; lastKnownFileType = folder.assetcatalog; path = Assets.xcassets; sourceTree = "<group>"; };
		91D64015279C77EA003D9C21 /* Preview Assets.xcassets */ = {isa = PBXFileReference; lastKnownFileType = folder.assetcatalog; path = "Preview Assets.xcassets"; sourceTree = "<group>"; };
		91D64017279C77EA003D9C21 /* StarWarsApp.swift */ = {isa = PBXFileReference; fileEncoding = 4; lastKnownFileType = sourcecode.swift; path = StarWarsApp.swift; sourceTree = "<group>"; };
		91D6401B279C77EA003D9C21 /* StarWars.xcdatamodel */ = {isa = PBXFileReference; lastKnownFileType = wrapper.xcdatamodel; path = StarWars.xcdatamodel; sourceTree = "<group>"; };
		91D6402A279C81AA003D9C21 /* Constants.swift */ = {isa = PBXFileReference; lastKnownFileType = sourcecode.swift; path = Constants.swift; sourceTree = "<group>"; };
		91D6402E279C85A6003D9C21 /* DateFormatter.swift */ = {isa = PBXFileReference; lastKnownFileType = sourcecode.swift; path = DateFormatter.swift; sourceTree = "<group>"; };
		91D64034279C883C003D9C21 /* Color.swift */ = {isa = PBXFileReference; lastKnownFileType = sourcecode.swift; path = Color.swift; sourceTree = "<group>"; };
		91D64036279C8856003D9C21 /* Double.swift */ = {isa = PBXFileReference; lastKnownFileType = sourcecode.swift; path = Double.swift; sourceTree = "<group>"; };
		91D6403A279C9BB4003D9C21 /* HomeCardView.swift */ = {isa = PBXFileReference; fileEncoding = 4; lastKnownFileType = sourcecode.swift; path = HomeCardView.swift; sourceTree = "<group>"; };
		91D6403B279C9BB4003D9C21 /* HomeView.swift */ = {isa = PBXFileReference; fileEncoding = 4; lastKnownFileType = sourcecode.swift; path = HomeView.swift; sourceTree = "<group>"; };
		91D6403D279C9BB4003D9C21 /* DetailCardView.swift */ = {isa = PBXFileReference; fileEncoding = 4; lastKnownFileType = sourcecode.swift; path = DetailCardView.swift; sourceTree = "<group>"; };
		91D64042279CA0D3003D9C21 /* DetailView.swift */ = {isa = PBXFileReference; lastKnownFileType = sourcecode.swift; path = DetailView.swift; sourceTree = "<group>"; };
		91D64044279CA5FC003D9C21 /* ListView.swift */ = {isa = PBXFileReference; fileEncoding = 4; lastKnownFileType = sourcecode.swift; path = ListView.swift; sourceTree = "<group>"; };
		91D64045279CA5FC003D9C21 /* ListCardView.swift */ = {isa = PBXFileReference; fileEncoding = 4; lastKnownFileType = sourcecode.swift; path = ListCardView.swift; sourceTree = "<group>"; };
/* End PBXFileReference section */

/* Begin PBXFrameworksBuildPhase section */
		91D63FAB279C5D36003D9C21 /* Frameworks */ = {
			isa = PBXFrameworksBuildPhase;
			buildActionMask = 2147483647;
			files = (
			);
			runOnlyForDeploymentPostprocessing = 0;
		};
		91D63FC0279C5D37003D9C21 /* Frameworks */ = {
			isa = PBXFrameworksBuildPhase;
			buildActionMask = 2147483647;
			files = (
			);
			runOnlyForDeploymentPostprocessing = 0;
		};
		91D63FCA279C5D37003D9C21 /* Frameworks */ = {
			isa = PBXFrameworksBuildPhase;
			buildActionMask = 2147483647;
			files = (
			);
			runOnlyForDeploymentPostprocessing = 0;
		};
/* End PBXFrameworksBuildPhase section */

/* Begin PBXGroup section */
		91D63FA5279C5D36003D9C21 = {
			isa = PBXGroup;
			children = (
				91D6400F279C77EA003D9C21 /* StarWars */,
				91D63FC6279C5D37003D9C21 /* StarWarsTests */,
				91D63FD0279C5D37003D9C21 /* StarWarsUITests */,
				91D63FAF279C5D36003D9C21 /* Products */,
			);
			sourceTree = "<group>";
		};
		91D63FAF279C5D36003D9C21 /* Products */ = {
			isa = PBXGroup;
			children = (
				91D63FAE279C5D36003D9C21 /* StarWars.app */,
				91D63FC3279C5D37003D9C21 /* StarWarsTests.xctest */,
				91D63FCD279C5D37003D9C21 /* StarWarsUITests.xctest */,
			);
			name = Products;
			sourceTree = "<group>";
		};
		91D63FC6279C5D37003D9C21 /* StarWarsTests */ = {
			isa = PBXGroup;
			children = (
				91D63FC7279C5D37003D9C21 /* StarWarsTests.swift */,
			);
			path = StarWarsTests;
			sourceTree = "<group>";
		};
		91D63FD0279C5D37003D9C21 /* StarWarsUITests */ = {
			isa = PBXGroup;
			children = (
				91D63FD1279C5D37003D9C21 /* StarWarsUITests.swift */,
				91D63FD3279C5D37003D9C21 /* StarWarsUITestsLaunchTests.swift */,
			);
			path = StarWarsUITests;
			sourceTree = "<group>";
		};
		91D6400F279C77EA003D9C21 /* StarWars */ = {
			isa = PBXGroup;
			children = (
				91D64023279C7AE5003D9C21 /* Architecture */,
				91D64027279C7AE5003D9C21 /* Helpers */,
				91D64010279C77EA003D9C21 /* AppSpecific */,
				91D64019279C77EA003D9C21 /* DataStore */,
			);
			path = StarWars;
			sourceTree = "<group>";
		};
		91D64010279C77EA003D9C21 /* AppSpecific */ = {
			isa = PBXGroup;
			children = (
				91D64017279C77EA003D9C21 /* StarWarsApp.swift */,
				91D64011279C77EA003D9C21 /* Persistence.swift */,
				91D64012279C77EA003D9C21 /* Resources */,
			);
			path = AppSpecific;
			sourceTree = "<group>";
		};
		91D64012279C77EA003D9C21 /* Resources */ = {
			isa = PBXGroup;
			children = (
				91D64013279C77EA003D9C21 /* Assets.xcassets */,
				91D64014279C77EA003D9C21 /* Preview Content */,
			);
			path = Resources;
			sourceTree = "<group>";
		};
		91D64014279C77EA003D9C21 /* Preview Content */ = {
			isa = PBXGroup;
			children = (
				91D64015279C77EA003D9C21 /* Preview Assets.xcassets */,
			);
			path = "Preview Content";
			sourceTree = "<group>";
		};
		91D64019279C77EA003D9C21 /* DataStore */ = {
			isa = PBXGroup;
			children = (
				91D6401A279C77EA003D9C21 /* StarWars.xcdatamodeld */,
			);
			path = DataStore;
			sourceTree = "<group>";
		};
		91D64023279C7AE5003D9C21 /* Architecture */ = {
			isa = PBXGroup;
			children = (
				91D64038279C9BB4003D9C21 /* View */,
				91D64024279C7AE5003D9C21 /* ViewModel */,
				91D64025279C7AE5003D9C21 /* Model */,
			);
			path = Architecture;
			sourceTree = "<group>";
		};
		91D64024279C7AE5003D9C21 /* ViewModel */ = {
			isa = PBXGroup;
			children = (
			);
			path = ViewModel;
			sourceTree = "<group>";
		};
		91D64025279C7AE5003D9C21 /* Model */ = {
			isa = PBXGroup;
			children = (
			);
			path = Model;
			sourceTree = "<group>";
		};
		91D64027279C7AE5003D9C21 /* Helpers */ = {
			isa = PBXGroup;
			children = (
				91D64029279C8199003D9C21 /* Constants */,
				91D64028279C7AE5003D9C21 /* Extensions */,
			);
			path = Helpers;
			sourceTree = "<group>";
		};
		91D64028279C7AE5003D9C21 /* Extensions */ = {
			isa = PBXGroup;
			children = (
				91D6402E279C85A6003D9C21 /* DateFormatter.swift */,
				91D64034279C883C003D9C21 /* Color.swift */,
				91D64036279C8856003D9C21 /* Double.swift */,
			);
			path = Extensions;
			sourceTree = "<group>";
		};
		91D64029279C8199003D9C21 /* Constants */ = {
			isa = PBXGroup;
			children = (
				91D6402A279C81AA003D9C21 /* Constants.swift */,
			);
			path = Constants;
			sourceTree = "<group>";
		};
		91D64038279C9BB4003D9C21 /* View */ = {
			isa = PBXGroup;
			children = (
				91D64039279C9BB4003D9C21 /* Home */,
				91D6403E279C9BB4003D9C21 /* List */,
				91D6403C279C9BB4003D9C21 /* Detail */,
			);
			path = View;
			sourceTree = "<group>";
		};
		91D64039279C9BB4003D9C21 /* Home */ = {
			isa = PBXGroup;
			children = (
				91D6403A279C9BB4003D9C21 /* HomeCardView.swift */,
				91D6403B279C9BB4003D9C21 /* HomeView.swift */,
			);
			path = Home;
			sourceTree = "<group>";
		};
		91D6403C279C9BB4003D9C21 /* Detail */ = {
			isa = PBXGroup;
			children = (
				91D6403D279C9BB4003D9C21 /* DetailCardView.swift */,
				91D64042279CA0D3003D9C21 /* DetailView.swift */,
			);
			path = Detail;
			sourceTree = "<group>";
		};
		91D6403E279C9BB4003D9C21 /* List */ = {
			isa = PBXGroup;
			children = (
				91D64045279CA5FC003D9C21 /* ListCardView.swift */,
				91D64044279CA5FC003D9C21 /* ListView.swift */,
			);
			path = List;
			sourceTree = "<group>";
		};
/* End PBXGroup section */

/* Begin PBXNativeTarget section */
		91D63FAD279C5D36003D9C21 /* StarWars */ = {
			isa = PBXNativeTarget;
			buildConfigurationList = 91D63FD7279C5D37003D9C21 /* Build configuration list for PBXNativeTarget "StarWars" */;
			buildPhases = (
				91D63FAA279C5D36003D9C21 /* Sources */,
				91D63FAB279C5D36003D9C21 /* Frameworks */,
				91D63FAC279C5D36003D9C21 /* Resources */,
			);
			buildRules = (
			);
			dependencies = (
			);
			name = StarWars;
			productName = StarWars;
			productReference = 91D63FAE279C5D36003D9C21 /* StarWars.app */;
			productType = "com.apple.product-type.application";
		};
		91D63FC2279C5D37003D9C21 /* StarWarsTests */ = {
			isa = PBXNativeTarget;
			buildConfigurationList = 91D63FDA279C5D37003D9C21 /* Build configuration list for PBXNativeTarget "StarWarsTests" */;
			buildPhases = (
				91D63FBF279C5D37003D9C21 /* Sources */,
				91D63FC0279C5D37003D9C21 /* Frameworks */,
				91D63FC1279C5D37003D9C21 /* Resources */,
			);
			buildRules = (
			);
			dependencies = (
				91D63FC5279C5D37003D9C21 /* PBXTargetDependency */,
			);
			name = StarWarsTests;
			productName = StarWarsTests;
			productReference = 91D63FC3279C5D37003D9C21 /* StarWarsTests.xctest */;
			productType = "com.apple.product-type.bundle.unit-test";
		};
		91D63FCC279C5D37003D9C21 /* StarWarsUITests */ = {
			isa = PBXNativeTarget;
			buildConfigurationList = 91D63FDD279C5D37003D9C21 /* Build configuration list for PBXNativeTarget "StarWarsUITests" */;
			buildPhases = (
				91D63FC9279C5D37003D9C21 /* Sources */,
				91D63FCA279C5D37003D9C21 /* Frameworks */,
				91D63FCB279C5D37003D9C21 /* Resources */,
			);
			buildRules = (
			);
			dependencies = (
				91D63FCF279C5D37003D9C21 /* PBXTargetDependency */,
			);
			name = StarWarsUITests;
			productName = StarWarsUITests;
			productReference = 91D63FCD279C5D37003D9C21 /* StarWarsUITests.xctest */;
			productType = "com.apple.product-type.bundle.ui-testing";
		};
/* End PBXNativeTarget section */

/* Begin PBXProject section */
		91D63FA6279C5D36003D9C21 /* Project object */ = {
			isa = PBXProject;
			attributes = {
				BuildIndependentTargetsInParallel = 1;
				LastSwiftUpdateCheck = 1320;
				LastUpgradeCheck = 1320;
				TargetAttributes = {
					91D63FAD279C5D36003D9C21 = {
						CreatedOnToolsVersion = 13.2.1;
					};
					91D63FC2279C5D37003D9C21 = {
						CreatedOnToolsVersion = 13.2.1;
						TestTargetID = 91D63FAD279C5D36003D9C21;
					};
					91D63FCC279C5D37003D9C21 = {
						CreatedOnToolsVersion = 13.2.1;
						TestTargetID = 91D63FAD279C5D36003D9C21;
					};
				};
			};
			buildConfigurationList = 91D63FA9279C5D36003D9C21 /* Build configuration list for PBXProject "StarWars" */;
			compatibilityVersion = "Xcode 13.0";
			developmentRegion = en;
			hasScannedForEncodings = 0;
			knownRegions = (
				en,
				Base,
			);
			mainGroup = 91D63FA5279C5D36003D9C21;
			productRefGroup = 91D63FAF279C5D36003D9C21 /* Products */;
			projectDirPath = "";
			projectRoot = "";
			targets = (
				91D63FAD279C5D36003D9C21 /* StarWars */,
				91D63FC2279C5D37003D9C21 /* StarWarsTests */,
				91D63FCC279C5D37003D9C21 /* StarWarsUITests */,
			);
		};
/* End PBXProject section */

/* Begin PBXResourcesBuildPhase section */
		91D63FAC279C5D36003D9C21 /* Resources */ = {
			isa = PBXResourcesBuildPhase;
			buildActionMask = 2147483647;
			files = (
				91D6401E279C77EA003D9C21 /* Preview Assets.xcassets in Resources */,
				91D6401D279C77EA003D9C21 /* Assets.xcassets in Resources */,
			);
			runOnlyForDeploymentPostprocessing = 0;
		};
		91D63FC1279C5D37003D9C21 /* Resources */ = {
			isa = PBXResourcesBuildPhase;
			buildActionMask = 2147483647;
			files = (
			);
			runOnlyForDeploymentPostprocessing = 0;
		};
		91D63FCB279C5D37003D9C21 /* Resources */ = {
			isa = PBXResourcesBuildPhase;
			buildActionMask = 2147483647;
			files = (
			);
			runOnlyForDeploymentPostprocessing = 0;
		};
/* End PBXResourcesBuildPhase section */

/* Begin PBXSourcesBuildPhase section */
		91D63FAA279C5D36003D9C21 /* Sources */ = {
			isa = PBXSourcesBuildPhase;
			buildActionMask = 2147483647;
			files = (
				91D64047279CA5FC003D9C21 /* ListCardView.swift in Sources */,
				91D64040279C9BB4003D9C21 /* HomeView.swift in Sources */,
				91D64037279C8856003D9C21 /* Double.swift in Sources */,
				91D6402F279C85A6003D9C21 /* DateFormatter.swift in Sources */,
				91D64041279C9BB4003D9C21 /* DetailCardView.swift in Sources */,
				91D6402B279C81AA003D9C21 /* Constants.swift in Sources */,
				91D64043279CA0D3003D9C21 /* DetailView.swift in Sources */,
				91D64022279C77EA003D9C21 /* StarWars.xcdatamodeld in Sources */,
				91D64020279C77EA003D9C21 /* StarWarsApp.swift in Sources */,
				91D64046279CA5FC003D9C21 /* ListView.swift in Sources */,
				91D6401C279C77EA003D9C21 /* Persistence.swift in Sources */,
				91D6403F279C9BB4003D9C21 /* HomeCardView.swift in Sources */,
				91D64035279C883C003D9C21 /* Color.swift in Sources */,
			);
			runOnlyForDeploymentPostprocessing = 0;
		};
		91D63FBF279C5D37003D9C21 /* Sources */ = {
			isa = PBXSourcesBuildPhase;
			buildActionMask = 2147483647;
			files = (
				91D63FC8279C5D37003D9C21 /* StarWarsTests.swift in Sources */,
			);
			runOnlyForDeploymentPostprocessing = 0;
		};
		91D63FC9279C5D37003D9C21 /* Sources */ = {
			isa = PBXSourcesBuildPhase;
			buildActionMask = 2147483647;
			files = (
				91D63FD4279C5D37003D9C21 /* StarWarsUITestsLaunchTests.swift in Sources */,
				91D63FD2279C5D37003D9C21 /* StarWarsUITests.swift in Sources */,
			);
			runOnlyForDeploymentPostprocessing = 0;
		};
/* End PBXSourcesBuildPhase section */

/* Begin PBXTargetDependency section */
		91D63FC5279C5D37003D9C21 /* PBXTargetDependency */ = {
			isa = PBXTargetDependency;
			target = 91D63FAD279C5D36003D9C21 /* StarWars */;
			targetProxy = 91D63FC4279C5D37003D9C21 /* PBXContainerItemProxy */;
		};
		91D63FCF279C5D37003D9C21 /* PBXTargetDependency */ = {
			isa = PBXTargetDependency;
			target = 91D63FAD279C5D36003D9C21 /* StarWars */;
			targetProxy = 91D63FCE279C5D37003D9C21 /* PBXContainerItemProxy */;
		};
/* End PBXTargetDependency section */

/* Begin XCBuildConfiguration section */
		91D63FD5279C5D37003D9C21 /* Debug */ = {
			isa = XCBuildConfiguration;
			buildSettings = {
				ALWAYS_SEARCH_USER_PATHS = NO;
				CLANG_ANALYZER_NONNULL = YES;
				CLANG_ANALYZER_NUMBER_OBJECT_CONVERSION = YES_AGGRESSIVE;
				CLANG_CXX_LANGUAGE_STANDARD = "gnu++17";
				CLANG_CXX_LIBRARY = "libc++";
				CLANG_ENABLE_MODULES = YES;
				CLANG_ENABLE_OBJC_ARC = YES;
				CLANG_ENABLE_OBJC_WEAK = YES;
				CLANG_WARN_BLOCK_CAPTURE_AUTORELEASING = YES;
				CLANG_WARN_BOOL_CONVERSION = YES;
				CLANG_WARN_COMMA = YES;
				CLANG_WARN_CONSTANT_CONVERSION = YES;
				CLANG_WARN_DEPRECATED_OBJC_IMPLEMENTATIONS = YES;
				CLANG_WARN_DIRECT_OBJC_ISA_USAGE = YES_ERROR;
				CLANG_WARN_DOCUMENTATION_COMMENTS = YES;
				CLANG_WARN_EMPTY_BODY = YES;
				CLANG_WARN_ENUM_CONVERSION = YES;
				CLANG_WARN_INFINITE_RECURSION = YES;
				CLANG_WARN_INT_CONVERSION = YES;
				CLANG_WARN_NON_LITERAL_NULL_CONVERSION = YES;
				CLANG_WARN_OBJC_IMPLICIT_RETAIN_SELF = YES;
				CLANG_WARN_OBJC_LITERAL_CONVERSION = YES;
				CLANG_WARN_OBJC_ROOT_CLASS = YES_ERROR;
				CLANG_WARN_QUOTED_INCLUDE_IN_FRAMEWORK_HEADER = YES;
				CLANG_WARN_RANGE_LOOP_ANALYSIS = YES;
				CLANG_WARN_STRICT_PROTOTYPES = YES;
				CLANG_WARN_SUSPICIOUS_MOVE = YES;
				CLANG_WARN_UNGUARDED_AVAILABILITY = YES_AGGRESSIVE;
				CLANG_WARN_UNREACHABLE_CODE = YES;
				CLANG_WARN__DUPLICATE_METHOD_MATCH = YES;
				COPY_PHASE_STRIP = NO;
				DEBUG_INFORMATION_FORMAT = dwarf;
				ENABLE_STRICT_OBJC_MSGSEND = YES;
				ENABLE_TESTABILITY = YES;
				GCC_C_LANGUAGE_STANDARD = gnu11;
				GCC_DYNAMIC_NO_PIC = NO;
				GCC_NO_COMMON_BLOCKS = YES;
				GCC_OPTIMIZATION_LEVEL = 0;
				GCC_PREPROCESSOR_DEFINITIONS = (
					"DEBUG=1",
					"$(inherited)",
				);
				GCC_WARN_64_TO_32_BIT_CONVERSION = YES;
				GCC_WARN_ABOUT_RETURN_TYPE = YES_ERROR;
				GCC_WARN_UNDECLARED_SELECTOR = YES;
				GCC_WARN_UNINITIALIZED_AUTOS = YES_AGGRESSIVE;
				GCC_WARN_UNUSED_FUNCTION = YES;
				GCC_WARN_UNUSED_VARIABLE = YES;
				IPHONEOS_DEPLOYMENT_TARGET = 15.2;
				MTL_ENABLE_DEBUG_INFO = INCLUDE_SOURCE;
				MTL_FAST_MATH = YES;
				ONLY_ACTIVE_ARCH = YES;
				SDKROOT = iphoneos;
				SWIFT_ACTIVE_COMPILATION_CONDITIONS = DEBUG;
				SWIFT_OPTIMIZATION_LEVEL = "-Onone";
			};
			name = Debug;
		};
		91D63FD6279C5D37003D9C21 /* Release */ = {
			isa = XCBuildConfiguration;
			buildSettings = {
				ALWAYS_SEARCH_USER_PATHS = NO;
				CLANG_ANALYZER_NONNULL = YES;
				CLANG_ANALYZER_NUMBER_OBJECT_CONVERSION = YES_AGGRESSIVE;
				CLANG_CXX_LANGUAGE_STANDARD = "gnu++17";
				CLANG_CXX_LIBRARY = "libc++";
				CLANG_ENABLE_MODULES = YES;
				CLANG_ENABLE_OBJC_ARC = YES;
				CLANG_ENABLE_OBJC_WEAK = YES;
				CLANG_WARN_BLOCK_CAPTURE_AUTORELEASING = YES;
				CLANG_WARN_BOOL_CONVERSION = YES;
				CLANG_WARN_COMMA = YES;
				CLANG_WARN_CONSTANT_CONVERSION = YES;
				CLANG_WARN_DEPRECATED_OBJC_IMPLEMENTATIONS = YES;
				CLANG_WARN_DIRECT_OBJC_ISA_USAGE = YES_ERROR;
				CLANG_WARN_DOCUMENTATION_COMMENTS = YES;
				CLANG_WARN_EMPTY_BODY = YES;
				CLANG_WARN_ENUM_CONVERSION = YES;
				CLANG_WARN_INFINITE_RECURSION = YES;
				CLANG_WARN_INT_CONVERSION = YES;
				CLANG_WARN_NON_LITERAL_NULL_CONVERSION = YES;
				CLANG_WARN_OBJC_IMPLICIT_RETAIN_SELF = YES;
				CLANG_WARN_OBJC_LITERAL_CONVERSION = YES;
				CLANG_WARN_OBJC_ROOT_CLASS = YES_ERROR;
				CLANG_WARN_QUOTED_INCLUDE_IN_FRAMEWORK_HEADER = YES;
				CLANG_WARN_RANGE_LOOP_ANALYSIS = YES;
				CLANG_WARN_STRICT_PROTOTYPES = YES;
				CLANG_WARN_SUSPICIOUS_MOVE = YES;
				CLANG_WARN_UNGUARDED_AVAILABILITY = YES_AGGRESSIVE;
				CLANG_WARN_UNREACHABLE_CODE = YES;
				CLANG_WARN__DUPLICATE_METHOD_MATCH = YES;
				COPY_PHASE_STRIP = NO;
				DEBUG_INFORMATION_FORMAT = "dwarf-with-dsym";
				ENABLE_NS_ASSERTIONS = NO;
				ENABLE_STRICT_OBJC_MSGSEND = YES;
				GCC_C_LANGUAGE_STANDARD = gnu11;
				GCC_NO_COMMON_BLOCKS = YES;
				GCC_WARN_64_TO_32_BIT_CONVERSION = YES;
				GCC_WARN_ABOUT_RETURN_TYPE = YES_ERROR;
				GCC_WARN_UNDECLARED_SELECTOR = YES;
				GCC_WARN_UNINITIALIZED_AUTOS = YES_AGGRESSIVE;
				GCC_WARN_UNUSED_FUNCTION = YES;
				GCC_WARN_UNUSED_VARIABLE = YES;
				IPHONEOS_DEPLOYMENT_TARGET = 15.2;
				MTL_ENABLE_DEBUG_INFO = NO;
				MTL_FAST_MATH = YES;
				SDKROOT = iphoneos;
				SWIFT_COMPILATION_MODE = wholemodule;
				SWIFT_OPTIMIZATION_LEVEL = "-O";
				VALIDATE_PRODUCT = YES;
			};
			name = Release;
		};
		91D63FD8279C5D37003D9C21 /* Debug */ = {
			isa = XCBuildConfiguration;
			buildSettings = {
				ASSETCATALOG_COMPILER_APPICON_NAME = AppIcon;
				ASSETCATALOG_COMPILER_GLOBAL_ACCENT_COLOR_NAME = AccentColor;
				CODE_SIGN_STYLE = Automatic;
				CURRENT_PROJECT_VERSION = 1;
				DEVELOPMENT_ASSET_PATHS = "\"$(SRCROOT)/StarWars/AppSpecific/Resources/Preview Content\"";
				ENABLE_PREVIEWS = YES;
				GENERATE_INFOPLIST_FILE = YES;
				INFOPLIST_FILE = /Users/devashreeks/Downloads/StarWarsApp/StarWars/StarWars/AppSpecific/Resources/Info.plist;
				INFOPLIST_KEY_LSApplicationCategoryType = "";
				INFOPLIST_KEY_UIApplicationSceneManifest_Generation = YES;
				INFOPLIST_KEY_UIApplicationSupportsIndirectInputEvents = YES;
				INFOPLIST_KEY_UISupportedInterfaceOrientations = UIInterfaceOrientationPortrait;
				INFOPLIST_KEY_UISupportedInterfaceOrientations_iPad = "UIInterfaceOrientationPortrait UIInterfaceOrientationPortraitUpsideDown UIInterfaceOrientationLandscapeLeft UIInterfaceOrientationLandscapeRight";
				INFOPLIST_KEY_UISupportedInterfaceOrientations_iPhone = "UIInterfaceOrientationPortrait UIInterfaceOrientationLandscapeLeft UIInterfaceOrientationLandscapeRight";
				LD_RUNPATH_SEARCH_PATHS = (
					"$(inherited)",
					"@executable_path/Frameworks",
				);
				MARKETING_VERSION = 1.0;
				PRODUCT_BUNDLE_IDENTIFIER = com.devashree.starwars.StarWars;
				PRODUCT_NAME = "$(TARGET_NAME)";
				SWIFT_EMIT_LOC_STRINGS = YES;
				SWIFT_VERSION = 5.0;
				TARGETED_DEVICE_FAMILY = "1,2";
			};
			name = Debug;
		};
		91D63FD9279C5D37003D9C21 /* Release */ = {
			isa = XCBuildConfiguration;
			buildSettings = {
				ASSETCATALOG_COMPILER_APPICON_NAME = AppIcon;
				ASSETCATALOG_COMPILER_GLOBAL_ACCENT_COLOR_NAME = AccentColor;
				CODE_SIGN_STYLE = Automatic;
				CURRENT_PROJECT_VERSION = 1;
				DEVELOPMENT_ASSET_PATHS = "\"$(SRCROOT)/StarWars/AppSpecific/Resources/Preview Content\"";
				ENABLE_PREVIEWS = YES;
				GENERATE_INFOPLIST_FILE = YES;
				INFOPLIST_FILE = /Users/devashreeks/Downloads/StarWarsApp/StarWars/StarWars/AppSpecific/Resources/Info.plist;
				INFOPLIST_KEY_LSApplicationCategoryType = "";
				INFOPLIST_KEY_UIApplicationSceneManifest_Generation = YES;
				INFOPLIST_KEY_UIApplicationSupportsIndirectInputEvents = YES;
				INFOPLIST_KEY_UISupportedInterfaceOrientations = UIInterfaceOrientationPortrait;
				INFOPLIST_KEY_UISupportedInterfaceOrientations_iPad = "UIInterfaceOrientationPortrait UIInterfaceOrientationPortraitUpsideDown UIInterfaceOrientationLandscapeLeft UIInterfaceOrientationLandscapeRight";
				INFOPLIST_KEY_UISupportedInterfaceOrientations_iPhone = "UIInterfaceOrientationPortrait UIInterfaceOrientationLandscapeLeft UIInterfaceOrientationLandscapeRight";
				LD_RUNPATH_SEARCH_PATHS = (
					"$(inherited)",
					"@executable_path/Frameworks",
				);
				MARKETING_VERSION = 1.0;
				PRODUCT_BUNDLE_IDENTIFIER = com.devashree.starwars.StarWars;
				PRODUCT_NAME = "$(TARGET_NAME)";
				SWIFT_EMIT_LOC_STRINGS = YES;
				SWIFT_VERSION = 5.0;
				TARGETED_DEVICE_FAMILY = "1,2";
			};
			name = Release;
		};
		91D63FDB279C5D37003D9C21 /* Debug */ = {
			isa = XCBuildConfiguration;
			buildSettings = {
				ALWAYS_EMBED_SWIFT_STANDARD_LIBRARIES = YES;
				BUNDLE_LOADER = "$(TEST_HOST)";
				CODE_SIGN_STYLE = Automatic;
				CURRENT_PROJECT_VERSION = 1;
				GENERATE_INFOPLIST_FILE = YES;
				IPHONEOS_DEPLOYMENT_TARGET = 15.2;
				MARKETING_VERSION = 1.0;
				PRODUCT_BUNDLE_IDENTIFIER = com.devashree.starwars.StarWarsTests;
				PRODUCT_NAME = "$(TARGET_NAME)";
				SWIFT_EMIT_LOC_STRINGS = NO;
				SWIFT_VERSION = 5.0;
				TARGETED_DEVICE_FAMILY = "1,2";
				TEST_HOST = "$(BUILT_PRODUCTS_DIR)/StarWars.app/StarWars";
			};
			name = Debug;
		};
		91D63FDC279C5D37003D9C21 /* Release */ = {
			isa = XCBuildConfiguration;
			buildSettings = {
				ALWAYS_EMBED_SWIFT_STANDARD_LIBRARIES = YES;
				BUNDLE_LOADER = "$(TEST_HOST)";
				CODE_SIGN_STYLE = Automatic;
				CURRENT_PROJECT_VERSION = 1;
				GENERATE_INFOPLIST_FILE = YES;
				IPHONEOS_DEPLOYMENT_TARGET = 15.2;
				MARKETING_VERSION = 1.0;
				PRODUCT_BUNDLE_IDENTIFIER = com.devashree.starwars.StarWarsTests;
				PRODUCT_NAME = "$(TARGET_NAME)";
				SWIFT_EMIT_LOC_STRINGS = NO;
				SWIFT_VERSION = 5.0;
				TARGETED_DEVICE_FAMILY = "1,2";
				TEST_HOST = "$(BUILT_PRODUCTS_DIR)/StarWars.app/StarWars";
			};
			name = Release;
		};
		91D63FDE279C5D37003D9C21 /* Debug */ = {
			isa = XCBuildConfiguration;
			buildSettings = {
				ALWAYS_EMBED_SWIFT_STANDARD_LIBRARIES = YES;
				CODE_SIGN_STYLE = Automatic;
				CURRENT_PROJECT_VERSION = 1;
				GENERATE_INFOPLIST_FILE = YES;
				MARKETING_VERSION = 1.0;
				PRODUCT_BUNDLE_IDENTIFIER = com.devashree.starwars.StarWarsUITests;
				PRODUCT_NAME = "$(TARGET_NAME)";
				SWIFT_EMIT_LOC_STRINGS = NO;
				SWIFT_VERSION = 5.0;
				TARGETED_DEVICE_FAMILY = "1,2";
				TEST_TARGET_NAME = StarWars;
			};
			name = Debug;
		};
		91D63FDF279C5D37003D9C21 /* Release */ = {
			isa = XCBuildConfiguration;
			buildSettings = {
				ALWAYS_EMBED_SWIFT_STANDARD_LIBRARIES = YES;
				CODE_SIGN_STYLE = Automatic;
				CURRENT_PROJECT_VERSION = 1;
				GENERATE_INFOPLIST_FILE = YES;
				MARKETING_VERSION = 1.0;
				PRODUCT_BUNDLE_IDENTIFIER = com.devashree.starwars.StarWarsUITests;
				PRODUCT_NAME = "$(TARGET_NAME)";
				SWIFT_EMIT_LOC_STRINGS = NO;
				SWIFT_VERSION = 5.0;
				TARGETED_DEVICE_FAMILY = "1,2";
				TEST_TARGET_NAME = StarWars;
			};
			name = Release;
		};
/* End XCBuildConfiguration section */

/* Begin XCConfigurationList section */
		91D63FA9279C5D36003D9C21 /* Build configuration list for PBXProject "StarWars" */ = {
			isa = XCConfigurationList;
			buildConfigurations = (
				91D63FD5279C5D37003D9C21 /* Debug */,
				91D63FD6279C5D37003D9C21 /* Release */,
			);
			defaultConfigurationIsVisible = 0;
			defaultConfigurationName = Release;
		};
		91D63FD7279C5D37003D9C21 /* Build configuration list for PBXNativeTarget "StarWars" */ = {
			isa = XCConfigurationList;
			buildConfigurations = (
				91D63FD8279C5D37003D9C21 /* Debug */,
				91D63FD9279C5D37003D9C21 /* Release */,
			);
			defaultConfigurationIsVisible = 0;
			defaultConfigurationName = Release;
		};
		91D63FDA279C5D37003D9C21 /* Build configuration list for PBXNativeTarget "StarWarsTests" */ = {
			isa = XCConfigurationList;
			buildConfigurations = (
				91D63FDB279C5D37003D9C21 /* Debug */,
				91D63FDC279C5D37003D9C21 /* Release */,
			);
			defaultConfigurationIsVisible = 0;
			defaultConfigurationName = Release;
		};
		91D63FDD279C5D37003D9C21 /* Build configuration list for PBXNativeTarget "StarWarsUITests" */ = {
			isa = XCConfigurationList;
			buildConfigurations = (
				91D63FDE279C5D37003D9C21 /* Debug */,
				91D63FDF279C5D37003D9C21 /* Release */,
			);
			defaultConfigurationIsVisible = 0;
			defaultConfigurationName = Release;
		};
/* End XCConfigurationList section */

/* Begin XCVersionGroup section */
		91D6401A279C77EA003D9C21 /* StarWars.xcdatamodeld */ = {
			isa = XCVersionGroup;
			children = (
				91D6401B279C77EA003D9C21 /* StarWars.xcdatamodel */,
			);
			currentVersion = 91D6401B279C77EA003D9C21 /* StarWars.xcdatamodel */;
			path = StarWars.xcdatamodeld;
			sourceTree = "<group>";
			versionGroupType = wrapper.xcdatamodel;
		};
/* End XCVersionGroup section */
	};
	rootObject = 91D63FA6279C5D36003D9C21 /* Project object */;
}
